
Microsoft Visual Studio Solution File, Format Version 12.00
# Visual Studio Version 17
VisualStudioVersion = 17.4.33213.308
MinimumVisualStudioVersion = 10.0.40219.1
Project("{FAE04EC0-301F-11D3-BF4B-00C04F79EFBC}") = "AM.UI.Console", "AM.UI.Console\AM.UI.Console.csproj", "{4F344C96-DC28-413C-BB53-537E29E936B9}"
EndProject
Project("{FAE04EC0-301F-11D3-BF4B-00C04F79EFBC}") = "AM.ApplicationCore", "AM.ApplicationCore\AM.ApplicationCore.csproj", "{978DC8FA-70A4-4549-BB8B-4E8748DDD585}"
EndProject
Global
	GlobalSection(SolutionConfigurationPlatforms) = preSolution
		Debug|Any CPU = Debug|Any CPU
		Release|Any CPU = Release|Any CPU
	EndGlobalSection
	GlobalSection(ProjectConfigurationPlatforms) = postSolution
		{4F344C96-DC28-413C-BB53-537E29E936B9}.Debug|Any CPU.ActiveCfg = Debug|Any CPU
		{4F344C96-DC28-413C-BB53-537E29E936B9}.Debug|Any CPU.Build.0 = Debug|Any CPU
		{4F344C96-DC28-413C-BB53-537E29E936B9}.Release|Any CPU.ActiveCfg = Release|Any CPU
		{4F344C96-DC28-413C-BB53-537E29E936B9}.Release|Any CPU.Build.0 = Release|Any CPU
		{978DC8FA-70A4-4549-BB8B-4E8748DDD585}.Debug|Any CPU.ActiveCfg = Debug|Any CPU
		{978DC8FA-70A4-4549-BB8B-4E8748DDD585}.Debug|Any CPU.Build.0 = Debug|Any CPU
		{978DC8FA-70A4-4549-BB8B-4E8748DDD585}.Release|Any CPU.ActiveCfg = Release|Any CPU
		{978DC8FA-70A4-4549-BB8B-4E8748DDD585}.Release|Any CPU.Build.0 = Release|Any CPU
	EndGlobalSection
	GlobalSection(SolutionProperties) = preSolution
		HideSolutionNode = FALSE
	EndGlobalSection
	GlobalSection(ExtensibilityGlobals) = postSolution
		SolutionGuid = {4768BE42-334C-4E22-92F8-01B48AF473E5}
	EndGlobalSection
EndGlobal
